
Microsoft Visual Studio Solution File, Format Version 12.00
# Visual Studio Version 16
VisualStudioVersion = 16.0.30523.141
MinimumVisualStudioVersion = 10.0.40219.1
Project("{FAE04EC0-301F-11D3-BF4B-00C04F79EFBC}") = "LanguageCourses", "LanguageCourses\LanguageCourses.csproj", "{7250CE4D-B89C-4199-AFF0-5F1953BF9188}"
EndProject
Project("{FAE04EC0-301F-11D3-BF4B-00C04F79EFBC}") = "Types", "Types\Types.csproj", "{0527D066-95C7-4B40-BC0D-1E3685B95A0D}"
EndProject
Project("{FAE04EC0-301F-11D3-BF4B-00C04F79EFBC}") = "DAL", "DAL\DAL.csproj", "{AB2BB8D5-61DA-4CCC-81E6-64D868242F08}"
EndProject
Project("{FAE04EC0-301F-11D3-BF4B-00C04F79EFBC}") = "Model", "Model\Model.csproj", "{F21E4C99-D7A5-4327-94DD-3F35C01852B3}"
EndProject
Project("{FAE04EC0-301F-11D3-BF4B-00C04F79EFBC}") = "Repo", "Repo\Repo.csproj", "{DD58E9B5-3635-4353-A6C3-23E292E70D73}"
EndProject
Project("{FAE04EC0-301F-11D3-BF4B-00C04F79EFBC}") = "Service", "Service\Service.csproj", "{388C5A4F-A63C-435E-AB52-A00583C564F4}"
EndProject
Global
	GlobalSection(SolutionConfigurationPlatforms) = preSolution
		Debug|Any CPU = Debug|Any CPU
		Release|Any CPU = Release|Any CPU
	EndGlobalSection
	GlobalSection(ProjectConfigurationPlatforms) = postSolution
		{7250CE4D-B89C-4199-AFF0-5F1953BF9188}.Debug|Any CPU.ActiveCfg = Debug|Any CPU
		{7250CE4D-B89C-4199-AFF0-5F1953BF9188}.Debug|Any CPU.Build.0 = Debug|Any CPU
		{7250CE4D-B89C-4199-AFF0-5F1953BF9188}.Release|Any CPU.ActiveCfg = Release|Any CPU
		{7250CE4D-B89C-4199-AFF0-5F1953BF9188}.Release|Any CPU.Build.0 = Release|Any CPU
		{0527D066-95C7-4B40-BC0D-1E3685B95A0D}.Debug|Any CPU.ActiveCfg = Debug|Any CPU
		{0527D066-95C7-4B40-BC0D-1E3685B95A0D}.Debug|Any CPU.Build.0 = Debug|Any CPU
		{0527D066-95C7-4B40-BC0D-1E3685B95A0D}.Release|Any CPU.ActiveCfg = Release|Any CPU
		{0527D066-95C7-4B40-BC0D-1E3685B95A0D}.Release|Any CPU.Build.0 = Release|Any CPU
		{AB2BB8D5-61DA-4CCC-81E6-64D868242F08}.Debug|Any CPU.ActiveCfg = Debug|Any CPU
		{AB2BB8D5-61DA-4CCC-81E6-64D868242F08}.Debug|Any CPU.Build.0 = Debug|Any CPU
		{AB2BB8D5-61DA-4CCC-81E6-64D868242F08}.Release|Any CPU.ActiveCfg = Release|Any CPU
		{AB2BB8D5-61DA-4CCC-81E6-64D868242F08}.Release|Any CPU.Build.0 = Release|Any CPU
		{F21E4C99-D7A5-4327-94DD-3F35C01852B3}.Debug|Any CPU.ActiveCfg = Debug|Any CPU
		{F21E4C99-D7A5-4327-94DD-3F35C01852B3}.Debug|Any CPU.Build.0 = Debug|Any CPU
		{F21E4C99-D7A5-4327-94DD-3F35C01852B3}.Release|Any CPU.ActiveCfg = Release|Any CPU
		{F21E4C99-D7A5-4327-94DD-3F35C01852B3}.Release|Any CPU.Build.0 = Release|Any CPU
		{DD58E9B5-3635-4353-A6C3-23E292E70D73}.Debug|Any CPU.ActiveCfg = Debug|Any CPU
		{DD58E9B5-3635-4353-A6C3-23E292E70D73}.Debug|Any CPU.Build.0 = Debug|Any CPU
		{DD58E9B5-3635-4353-A6C3-23E292E70D73}.Release|Any CPU.ActiveCfg = Release|Any CPU
		{DD58E9B5-3635-4353-A6C3-23E292E70D73}.Release|Any CPU.Build.0 = Release|Any CPU
		{388C5A4F-A63C-435E-AB52-A00583C564F4}.Debug|Any CPU.ActiveCfg = Debug|Any CPU
		{388C5A4F-A63C-435E-AB52-A00583C564F4}.Debug|Any CPU.Build.0 = Debug|Any CPU
		{388C5A4F-A63C-435E-AB52-A00583C564F4}.Release|Any CPU.ActiveCfg = Release|Any CPU
		{388C5A4F-A63C-435E-AB52-A00583C564F4}.Release|Any CPU.Build.0 = Release|Any CPU
	EndGlobalSection
	GlobalSection(SolutionProperties) = preSolution
		HideSolutionNode = FALSE
	EndGlobalSection
	GlobalSection(ExtensibilityGlobals) = postSolution
		SolutionGuid = {132561BA-7972-4CF7-A2A5-2A59E315F8BD}
	EndGlobalSection
EndGlobal
